
Microsoft Visual Studio Solution File, Format Version 12.00
# Visual Studio Version 16
VisualStudioVersion = 16.0.33027.164
MinimumVisualStudioVersion = 10.0.40219.1
Project("{FAE04EC0-301F-11D3-BF4B-00C04F79EFBC}") = "lab1", "lab1.csproj", "{CEC781BC-979E-4E6B-9700-BE4D89D9B884}"
EndProject
Global
	GlobalSection(SolutionConfigurationPlatforms) = preSolution
		Debug|Any CPU = Debug|Any CPU
		Release|Any CPU = Release|Any CPU
	EndGlobalSection
	GlobalSection(ProjectConfigurationPlatforms) = postSolution
		{CEC781BC-979E-4E6B-9700-BE4D89D9B884}.Debug|Any CPU.ActiveCfg = Debug|Any CPU
		{CEC781BC-979E-4E6B-9700-BE4D89D9B884}.Debug|Any CPU.Build.0 = Debug|Any CPU
		{CEC781BC-979E-4E6B-9700-BE4D89D9B884}.Release|Any CPU.ActiveCfg = Release|Any CPU
		{CEC781BC-979E-4E6B-9700-BE4D89D9B884}.Release|Any CPU.Build.0 = Release|Any CPU
	EndGlobalSection
	GlobalSection(SolutionProperties) = preSolution
		HideSolutionNode = FALSE
	EndGlobalSection
	GlobalSection(ExtensibilityGlobals) = postSolution
		SolutionGuid = {FE2B7116-E1C5-432F-B427-CDE07790D194}
	EndGlobalSection
EndGlobal
